
Microsoft Visual Studio Solution File, Format Version 12.00
# Visual Studio Version 16
VisualStudioVersion = 16.0.29306.81
MinimumVisualStudioVersion = 10.0.40219.1
Project("{9A19103F-16F7-4668-BE54-9A1E7A4F7556}") = "Kvpbase.StorageServer", "Kvpbase.StorageServer\Kvpbase.StorageServer.csproj", "{ED3C76E8-766C-4D5F-A72C-E94F14615470}"
EndProject
Project("{9A19103F-16F7-4668-BE54-9A1E7A4F7556}") = "Kvpbase.Stream", "Kvpbase.Stream\Kvpbase.Stream.csproj", "{DEE282B4-303D-4742-9F1E-9D7046631C11}"
EndProject
Global
	GlobalSection(SolutionConfigurationPlatforms) = preSolution
		Debug|Any CPU = Debug|Any CPU
		Debug|x64 = Debug|x64
		Debug|x86 = Debug|x86
		Release|Any CPU = Release|Any CPU
		Release|x64 = Release|x64
		Release|x86 = Release|x86
	EndGlobalSection
	GlobalSection(ProjectConfigurationPlatforms) = postSolution
		{ED3C76E8-766C-4D5F-A72C-E94F14615470}.Debug|Any CPU.ActiveCfg = Debug|Any CPU
		{ED3C76E8-766C-4D5F-A72C-E94F14615470}.Debug|Any CPU.Build.0 = Debug|Any CPU
		{ED3C76E8-766C-4D5F-A72C-E94F14615470}.Debug|x64.ActiveCfg = Debug|Any CPU
		{ED3C76E8-766C-4D5F-A72C-E94F14615470}.Debug|x64.Build.0 = Debug|Any CPU
		{ED3C76E8-766C-4D5F-A72C-E94F14615470}.Debug|x86.ActiveCfg = Debug|Any CPU
		{ED3C76E8-766C-4D5F-A72C-E94F14615470}.Debug|x86.Build.0 = Debug|Any CPU
		{ED3C76E8-766C-4D5F-A72C-E94F14615470}.Release|Any CPU.ActiveCfg = Release|Any CPU
		{ED3C76E8-766C-4D5F-A72C-E94F14615470}.Release|Any CPU.Build.0 = Release|Any CPU
		{ED3C76E8-766C-4D5F-A72C-E94F14615470}.Release|x64.ActiveCfg = Release|Any CPU
		{ED3C76E8-766C-4D5F-A72C-E94F14615470}.Release|x64.Build.0 = Release|Any CPU
		{ED3C76E8-766C-4D5F-A72C-E94F14615470}.Release|x86.ActiveCfg = Release|Any CPU
		{ED3C76E8-766C-4D5F-A72C-E94F14615470}.Release|x86.Build.0 = Release|Any CPU
		{DEE282B4-303D-4742-9F1E-9D7046631C11}.Debug|Any CPU.ActiveCfg = Debug|Any CPU
		{DEE282B4-303D-4742-9F1E-9D7046631C11}.Debug|Any CPU.Build.0 = Debug|Any CPU
		{DEE282B4-303D-4742-9F1E-9D7046631C11}.Debug|x64.ActiveCfg = Debug|Any CPU
		{DEE282B4-303D-4742-9F1E-9D7046631C11}.Debug|x64.Build.0 = Debug|Any CPU
		{DEE282B4-303D-4742-9F1E-9D7046631C11}.Debug|x86.ActiveCfg = Debug|Any CPU
		{DEE282B4-303D-4742-9F1E-9D7046631C11}.Debug|x86.Build.0 = Debug|Any CPU
		{DEE282B4-303D-4742-9F1E-9D7046631C11}.Release|Any CPU.ActiveCfg = Release|Any CPU
		{DEE282B4-303D-4742-9F1E-9D7046631C11}.Release|Any CPU.Build.0 = Release|Any CPU
		{DEE282B4-303D-4742-9F1E-9D7046631C11}.Release|x64.ActiveCfg = Release|Any CPU
		{DEE282B4-303D-4742-9F1E-9D7046631C11}.Release|x64.Build.0 = Release|Any CPU
		{DEE282B4-303D-4742-9F1E-9D7046631C11}.Release|x86.ActiveCfg = Release|Any CPU
		{DEE282B4-303D-4742-9F1E-9D7046631C11}.Release|x86.Build.0 = Release|Any CPU
	EndGlobalSection
	GlobalSection(SolutionProperties) = preSolution
		HideSolutionNode = FALSE
	EndGlobalSection
	GlobalSection(ExtensibilityGlobals) = postSolution
		SolutionGuid = {7CAE94B5-208E-45C7-B89A-254B45925FFD}
	EndGlobalSection
EndGlobal
